
Microsoft Visual Studio Solution File, Format Version 12.00
# Visual Studio Version 16
VisualStudioVersion = 16.0.32228.343
MinimumVisualStudioVersion = 10.0.40219.1
Project("{FAE04EC0-301F-11D3-BF4B-00C04F79EFBC}") = "FolderCrawler", "FolderCrawler.csproj", "{D57A4B63-0380-454E-A85F-ACF69CC30930}"
EndProject
Global
	GlobalSection(SolutionConfigurationPlatforms) = preSolution
		Build|Any CPU = Build|Any CPU
	EndGlobalSection
	GlobalSection(ProjectConfigurationPlatforms) = postSolution
		{D57A4B63-0380-454E-A85F-ACF69CC30930}.Build|Any CPU.ActiveCfg = Build|Any CPU
		{D57A4B63-0380-454E-A85F-ACF69CC30930}.Build|Any CPU.Build.0 = Build|Any CPU
	EndGlobalSection
	GlobalSection(SolutionProperties) = preSolution
		HideSolutionNode = FALSE
	EndGlobalSection
	GlobalSection(ExtensibilityGlobals) = postSolution
		SolutionGuid = {8EF4938E-D1E5-4694-9838-2913DAA4C966}
	EndGlobalSection
EndGlobal
